// !$*UTF8*$!
{
	archiveVersion = 1;
	classes = {
	};
	objectVersion = 46;
	objects = {

/* Begin PBXBuildFile section */
		A161323C1D7918300004C207 /* main.m in Sources */ = {isa = PBXBuildFile; fileRef = A161323B1D7918300004C207 /* main.m */; };
		A161323F1D7918300004C207 /* AppDelegate.m in Sources */ = {isa = PBXBuildFile; fileRef = A161323E1D7918300004C207 /* AppDelegate.m */; };
		A16132421D7918300004C207 /* ViewController.m in Sources */ = {isa = PBXBuildFile; fileRef = A16132411D7918300004C207 /* ViewController.m */; };
		A16132451D7918300004C207 /* Main.storyboard in Resources */ = {isa = PBXBuildFile; fileRef = A16132431D7918300004C207 /* Main.storyboard */; };
		A16132471D7918300004C207 /* Assets.xcassets in Resources */ = {isa = PBXBuildFile; fileRef = A16132461D7918300004C207 /* Assets.xcassets */; };
		A161324A1D7918300004C207 /* LaunchScreen.storyboard in Resources */ = {isa = PBXBuildFile; fileRef = A16132481D7918300004C207 /* LaunchScreen.storyboard */; };
		A16132551D7918300004C207 /* ChartDemoTests.m in Sources */ = {isa = PBXBuildFile; fileRef = A16132541D7918300004C207 /* ChartDemoTests.m */; };
		A16132681D7926B90004C207 /* icon@2x.png in Resources */ = {isa = PBXBuildFile; fileRef = A16132671D7926B90004C207 /* icon@2x.png */; };
		A16B7FFF1D7D5CB100A4BB8D /* CollectCell.m in Sources */ = {isa = PBXBuildFile; fileRef = A16B7FFA1D7D5CB100A4BB8D /* CollectCell.m */; };
		A16B80001D7D5CB100A4BB8D /* flowLayout.m in Sources */ = {isa = PBXBuildFile; fileRef = A16B7FFC1D7D5CB100A4BB8D /* flowLayout.m */; };
		A16B80011D7D5CB100A4BB8D /* ZXCollectionView.m in Sources */ = {isa = PBXBuildFile; fileRef = A16B7FFE1D7D5CB100A4BB8D /* ZXCollectionView.m */; };
/* End PBXBuildFile section */

/* Begin PBXContainerItemProxy section */
		A16132511D7918300004C207 /* PBXContainerItemProxy */ = {
			isa = PBXContainerItemProxy;
			containerPortal = A161322F1D7918300004C207 /* Project object */;
			proxyType = 1;
			remoteGlobalIDString = A16132361D7918300004C207;
			remoteInfo = ChartDemo;
		};
/* End PBXContainerItemProxy section */

/* Begin PBXFileReference section */
		A16132371D7918300004C207 /* ChartDemo.app */ = {isa = PBXFileReference; explicitFileType = wrapper.application; includeInIndex = 0; path = ChartDemo.app; sourceTree = BUILT_PRODUCTS_DIR; };
		A161323B1D7918300004C207 /* main.m */ = {isa = PBXFileReference; lastKnownFileType = sourcecode.c.objc; path = main.m; sourceTree = "<group>"; };
		A161323D1D7918300004C207 /* AppDelegate.h */ = {isa = PBXFileReference; lastKnownFileType = sourcecode.c.h; path = AppDelegate.h; sourceTree = "<group>"; };
		A161323E1D7918300004C207 /* AppDelegate.m */ = {isa = PBXFileReference; lastKnownFileType = sourcecode.c.objc; path = AppDelegate.m; sourceTree = "<group>"; };
		A16132401D7918300004C207 /* ViewController.h */ = {isa = PBXFileReference; lastKnownFileType = sourcecode.c.h; path = ViewController.h; sourceTree = "<group>"; };
		A16132411D7918300004C207 /* ViewController.m */ = {isa = PBXFileReference; lastKnownFileType = sourcecode.c.objc; path = ViewController.m; sourceTree = "<group>"; };
		A16132441D7918300004C207 /* Base */ = {isa = PBXFileReference; lastKnownFileType = file.storyboard; name = Base; path = Base.lproj/Main.storyboard; sourceTree = "<group>"; };
		A16132461D7918300004C207 /* Assets.xcassets */ = {isa = PBXFileReference; lastKnownFileType = folder.assetcatalog; path = Assets.xcassets; sourceTree = "<group>"; };
		A16132491D7918300004C207 /* Base */ = {isa = PBXFileReference; lastKnownFileType = file.storyboard; name = Base; path = Base.lproj/LaunchScreen.storyboard; sourceTree = "<group>"; };
		A161324B1D7918300004C207 /* Info.plist */ = {isa = PBXFileReference; lastKnownFileType = text.plist.xml; path = Info.plist; sourceTree = "<group>"; };
		A16132501D7918300004C207 /* ChartDemoTests.xctest */ = {isa = PBXFileReference; explicitFileType = wrapper.cfbundle; includeInIndex = 0; path = ChartDemoTests.xctest; sourceTree = BUILT_PRODUCTS_DIR; };
		A16132541D7918300004C207 /* ChartDemoTests.m */ = {isa = PBXFileReference; lastKnownFileType = sourcecode.c.objc; path = ChartDemoTests.m; sourceTree = "<group>"; };
		A16132561D7918300004C207 /* Info.plist */ = {isa = PBXFileReference; lastKnownFileType = text.plist.xml; path = Info.plist; sourceTree = "<group>"; };
		A16132671D7926B90004C207 /* icon@2x.png */ = {isa = PBXFileReference; lastKnownFileType = image.png; path = "icon@2x.png"; sourceTree = "<group>"; };
		A16B7FF91D7D5CB100A4BB8D /* CollectCell.h */ = {isa = PBXFileReference; fileEncoding = 4; lastKnownFileType = sourcecode.c.h; path = CollectCell.h; sourceTree = "<group>"; };
		A16B7FFA1D7D5CB100A4BB8D /* CollectCell.m */ = {isa = PBXFileReference; fileEncoding = 4; lastKnownFileType = sourcecode.c.objc; path = CollectCell.m; sourceTree = "<group>"; };
		A16B7FFB1D7D5CB100A4BB8D /* flowLayout.h */ = {isa = PBXFileReference; fileEncoding = 4; lastKnownFileType = sourcecode.c.h; path = flowLayout.h; sourceTree = "<group>"; };
		A16B7FFC1D7D5CB100A4BB8D /* flowLayout.m */ = {isa = PBXFileReference; fileEncoding = 4; lastKnownFileType = sourcecode.c.objc; path = flowLayout.m; sourceTree = "<group>"; };
		A16B7FFD1D7D5CB100A4BB8D /* ZXCollectionView.h */ = {isa = PBXFileReference; fileEncoding = 4; lastKnownFileType = sourcecode.c.h; path = ZXCollectionView.h; sourceTree = "<group>"; };
		A16B7FFE1D7D5CB100A4BB8D /* ZXCollectionView.m */ = {isa = PBXFileReference; fileEncoding = 4; lastKnownFileType = sourcecode.c.objc; path = ZXCollectionView.m; sourceTree = "<group>"; };
/* End PBXFileReference section */

/* Begin PBXFrameworksBuildPhase section */
		A16132341D7918300004C207 /* Frameworks */ = {
			isa = PBXFrameworksBuildPhase;
			buildActionMask = 2147483647;
			files = (
			);
			runOnlyForDeploymentPostprocessing = 0;
		};
		A161324D1D7918300004C207 /* Frameworks */ = {
			isa = PBXFrameworksBuildPhase;
			buildActionMask = 2147483647;
			files = (
			);
			runOnlyForDeploymentPostprocessing = 0;
		};
/* End PBXFrameworksBuildPhase section */

/* Begin PBXGroup section */
		A161322E1D7918300004C207 = {
			isa = PBXGroup;
			children = (
				A16132391D7918300004C207 /* ChartDemo */,
				A16132531D7918300004C207 /* ChartDemoTests */,
				A16132381D7918300004C207 /* Products */,
			);
			sourceTree = "<group>";
		};
		A16132381D7918300004C207 /* Products */ = {
			isa = PBXGroup;
			children = (
				A16132371D7918300004C207 /* ChartDemo.app */,
				A16132501D7918300004C207 /* ChartDemoTests.xctest */,
			);
			name = Products;
			sourceTree = "<group>";
		};
		A16132391D7918300004C207 /* ChartDemo */ = {
			isa = PBXGroup;
			children = (
				A16B7FF81D7D5CB100A4BB8D /* CollectionView */,
				A16132671D7926B90004C207 /* icon@2x.png */,
				A161323D1D7918300004C207 /* AppDelegate.h */,
				A161323E1D7918300004C207 /* AppDelegate.m */,
				A16132401D7918300004C207 /* ViewController.h */,
				A16132411D7918300004C207 /* ViewController.m */,
				A16132431D7918300004C207 /* Main.storyboard */,
				A16132461D7918300004C207 /* Assets.xcassets */,
				A16132481D7918300004C207 /* LaunchScreen.storyboard */,
				A161324B1D7918300004C207 /* Info.plist */,
				A161323A1D7918300004C207 /* Supporting Files */,
			);
			path = ChartDemo;
			sourceTree = "<group>";
		};
		A161323A1D7918300004C207 /* Supporting Files */ = {
			isa = PBXGroup;
			children = (
				A161323B1D7918300004C207 /* main.m */,
			);
			name = "Supporting Files";
			sourceTree = "<group>";
		};
		A16132531D7918300004C207 /* ChartDemoTests */ = {
			isa = PBXGroup;
			children = (
				A16132541D7918300004C207 /* ChartDemoTests.m */,
				A16132561D7918300004C207 /* Info.plist */,
			);
			path = ChartDemoTests;
			sourceTree = "<group>";
		};
		A16B7FF81D7D5CB100A4BB8D /* CollectionView */ = {
			isa = PBXGroup;
			children = (
				A16B7FF91D7D5CB100A4BB8D /* CollectCell.h */,
				A16B7FFA1D7D5CB100A4BB8D /* CollectCell.m */,
				A16B7FFB1D7D5CB100A4BB8D /* flowLayout.h */,
				A16B7FFC1D7D5CB100A4BB8D /* flowLayout.m */,
				A16B7FFD1D7D5CB100A4BB8D /* ZXCollectionView.h */,
				A16B7FFE1D7D5CB100A4BB8D /* ZXCollectionView.m */,
			);
			path = CollectionView;
			sourceTree = "<group>";
		};
/* End PBXGroup section */

/* Begin PBXNativeTarget section */
		A16132361D7918300004C207 /* ChartDemo */ = {
			isa = PBXNativeTarget;
			buildConfigurationList = A16132591D7918300004C207 /* Build configuration list for PBXNativeTarget "ChartDemo" */;
			buildPhases = (
				A16132331D7918300004C207 /* Sources */,
				A16132341D7918300004C207 /* Frameworks */,
				A16132351D7918300004C207 /* Resources */,
			);
			buildRules = (
			);
			dependencies = (
			);
			name = ChartDemo;
			productName = ChartDemo;
			productReference = A16132371D7918300004C207 /* ChartDemo.app */;
			productType = "com.apple.product-type.application";
		};
		A161324F1D7918300004C207 /* ChartDemoTests */ = {
			isa = PBXNativeTarget;
			buildConfigurationList = A161325C1D7918300004C207 /* Build configuration list for PBXNativeTarget "ChartDemoTests" */;
			buildPhases = (
				A161324C1D7918300004C207 /* Sources */,
				A161324D1D7918300004C207 /* Frameworks */,
				A161324E1D7918300004C207 /* Resources */,
			);
			buildRules = (
			);
			dependencies = (
				A16132521D7918300004C207 /* PBXTargetDependency */,
			);
			name = ChartDemoTests;
			productName = ChartDemoTests;
			productReference = A16132501D7918300004C207 /* ChartDemoTests.xctest */;
			productType = "com.apple.product-type.bundle.unit-test";
		};
/* End PBXNativeTarget section */

/* Begin PBXProject section */
		A161322F1D7918300004C207 /* Project object */ = {
			isa = PBXProject;
			attributes = {
				LastUpgradeCheck = 0730;
				ORGANIZATIONNAME = haowu;
				TargetAttributes = {
					A16132361D7918300004C207 = {
						CreatedOnToolsVersion = 7.3.1;
						DevelopmentTeam = 2YSB762VF7;
					};
					A161324F1D7918300004C207 = {
						CreatedOnToolsVersion = 7.3.1;
						DevelopmentTeam = 2YSB762VF7;
						TestTargetID = A16132361D7918300004C207;
					};
				};
			};
			buildConfigurationList = A16132321D7918300004C207 /* Build configuration list for PBXProject "ChartDemo" */;
			compatibilityVersion = "Xcode 3.2";
			developmentRegion = English;
			hasScannedForEncodings = 0;
			knownRegions = (
				en,
				Base,
			);
			mainGroup = A161322E1D7918300004C207;
			productRefGroup = A16132381D7918300004C207 /* Products */;
			projectDirPath = "";
			projectRoot = "";
			targets = (
				A16132361D7918300004C207 /* ChartDemo */,
				A161324F1D7918300004C207 /* ChartDemoTests */,
			);
		};
/* End PBXProject section */

/* Begin PBXResourcesBuildPhase section */
		A16132351D7918300004C207 /* Resources */ = {
			isa = PBXResourcesBuildPhase;
			buildActionMask = 2147483647;
			files = (
				A16132681D7926B90004C207 /* icon@2x.png in Resources */,
				A161324A1D7918300004C207 /* LaunchScreen.storyboard in Resources */,
				A16132471D7918300004C207 /* Assets.xcassets in Resources */,
				A16132451D7918300004C207 /* Main.storyboard in Resources */,
			);
			runOnlyForDeploymentPostprocessing = 0;
		};
		A161324E1D7918300004C207 /* Resources */ = {
			isa = PBXResourcesBuildPhase;
			buildActionMask = 2147483647;
			files = (
			);
			runOnlyForDeploymentPostprocessing = 0;
		};
/* End PBXResourcesBuildPhase section */

/* Begin PBXSourcesBuildPhase section */
		A16132331D7918300004C207 /* Sources */ = {
			isa = PBXSourcesBuildPhase;
			buildActionMask = 2147483647;
			files = (
				A16132421D7918300004C207 /* ViewController.m in Sources */,
				A161323F1D7918300004C207 /* AppDelegate.m in Sources */,
				A16B80011D7D5CB100A4BB8D /* ZXCollectionView.m in Sources */,
				A16B80001D7D5CB100A4BB8D /* flowLayout.m in Sources */,
				A16B7FFF1D7D5CB100A4BB8D /* CollectCell.m in Sources */,
				A161323C1D7918300004C207 /* main.m in Sources */,
			);
			runOnlyForDeploymentPostprocessing = 0;
		};
		A161324C1D7918300004C207 /* Sources */ = {
			isa = PBXSourcesBuildPhase;
			buildActionMask = 2147483647;
			files = (
				A16132551D7918300004C207 /* ChartDemoTests.m in Sources */,
			);
			runOnlyForDeploymentPostprocessing = 0;
		};
/* End PBXSourcesBuildPhase section */

/* Begin PBXTargetDependency section */
		A16132521D7918300004C207 /* PBXTargetDependency */ = {
			isa = PBXTargetDependency;
			target = A16132361D7918300004C207 /* ChartDemo */;
			targetProxy = A16132511D7918300004C207 /* PBXContainerItemProxy */;
		};
/* End PBXTargetDependency section */

/* Begin PBXVariantGroup section */
		A16132431D7918300004C207 /* Main.storyboard */ = {
			isa = PBXVariantGroup;
			children = (
				A16132441D7918300004C207 /* Base */,
			);
			name = Main.storyboard;
			sourceTree = "<group>";
		};
		A16132481D7918300004C207 /* LaunchScreen.storyboard */ = {
			isa = PBXVariantGroup;
			children = (
				A16132491D7918300004C207 /* Base */,
			);
			name = LaunchScreen.storyboard;
			sourceTree = "<group>";
		};
/* End PBXVariantGroup section */

/* Begin XCBuildConfiguration section */
		A16132571D7918300004C207 /* Debug */ = {
			isa = XCBuildConfiguration;
			buildSettings = {
				ALWAYS_SEARCH_USER_PATHS = NO;
				CLANG_ANALYZER_NONNULL = YES;
				CLANG_CXX_LANGUAGE_STANDARD = "gnu++0x";
				CLANG_CXX_LIBRARY = "libc++";
				CLANG_ENABLE_MODULES = YES;
				CLANG_ENABLE_OBJC_ARC = YES;
				CLANG_WARN_BOOL_CONVERSION = YES;
				CLANG_WARN_CONSTANT_CONVERSION = YES;
				CLANG_WARN_DIRECT_OBJC_ISA_USAGE = YES_ERROR;
				CLANG_WARN_EMPTY_BODY = YES;
				CLANG_WARN_ENUM_CONVERSION = YES;
				CLANG_WARN_INT_CONVERSION = YES;
				CLANG_WARN_OBJC_ROOT_CLASS = YES_ERROR;
				CLANG_WARN_UNREACHABLE_CODE = YES;
				CLANG_WARN__DUPLICATE_METHOD_MATCH = YES;
				"CODE_SIGN_IDENTITY[sdk=iphoneos*]" = "iPhone Developer";
				COPY_PHASE_STRIP = NO;
				DEBUG_INFORMATION_FORMAT = dwarf;
				ENABLE_STRICT_OBJC_MSGSEND = YES;
				ENABLE_TESTABILITY = YES;
				GCC_C_LANGUAGE_STANDARD = gnu99;
				GCC_DYNAMIC_NO_PIC = NO;
				GCC_NO_COMMON_BLOCKS = YES;
				GCC_OPTIMIZATION_LEVEL = 0;
				GCC_PREPROCESSOR_DEFINITIONS = (
					"DEBUG=1",
					"$(inherited)",
				);
				GCC_WARN_64_TO_32_BIT_CONVERSION = YES;
				GCC_WARN_ABOUT_RETURN_TYPE = YES_ERROR;
				GCC_WARN_UNDECLARED_SELECTOR = YES;
				GCC_WARN_UNINITIALIZED_AUTOS = YES_AGGRESSIVE;
				GCC_WARN_UNUSED_FUNCTION = YES;
				GCC_WARN_UNUSED_VARIABLE = YES;
				IPHONEOS_DEPLOYMENT_TARGET = 9.3;
				MTL_ENABLE_DEBUG_INFO = YES;
				ONLY_ACTIVE_ARCH = YES;
				SDKROOT = iphoneos;
			};
			name = Debug;
		};
		A16132581D7918300004C207 /* Release */ = {
			isa = XCBuildConfiguration;
			buildSettings = {
				ALWAYS_SEARCH_USER_PATHS = NO;
				CLANG_ANALYZER_NONNULL = YES;
				CLANG_CXX_LANGUAGE_STANDARD = "gnu++0x";
				CLANG_CXX_LIBRARY = "libc++";
				CLANG_ENABLE_MODULES = YES;
				CLANG_ENABLE_OBJC_ARC = YES;
				CLANG_WARN_BOOL_CONVERSION = YES;
				CLANG_WARN_CONSTANT_CONVERSION = YES;
				CLANG_WARN_DIRECT_OBJC_ISA_USAGE = YES_ERROR;
				CLANG_WARN_EMPTY_BODY = YES;
				CLANG_WARN_ENUM_CONVERSION = YES;
				CLANG_WARN_INT_CONVERSION = YES;
				CLANG_WARN_OBJC_ROOT_CLASS = YES_ERROR;
				CLANG_WARN_UNREACHABLE_CODE = YES;
				CLANG_WARN__DUPLICATE_METHOD_MATCH = YES;
				"CODE_SIGN_IDENTITY[sdk=iphoneos*]" = "iPhone Developer";
				COPY_PHASE_STRIP = NO;
				DEBUG_INFORMATION_FORMAT = "dwarf-with-dsym";
				ENABLE_NS_ASSERTIONS = NO;
				ENABLE_STRICT_OBJC_MSGSEND = YES;
				GCC_C_LANGUAGE_STANDARD = gnu99;
				GCC_NO_COMMON_BLOCKS = YES;
				GCC_WARN_64_TO_32_BIT_CONVERSION = YES;
				GCC_WARN_ABOUT_RETURN_TYPE = YES_ERROR;
				GCC_WARN_UNDECLARED_SELECTOR = YES;
				GCC_WARN_UNINITIALIZED_AUTOS = YES_AGGRESSIVE;
				GCC_WARN_UNUSED_FUNCTION = YES;
				GCC_WARN_UNUSED_VARIABLE = YES;
				IPHONEOS_DEPLOYMENT_TARGET = 9.3;
				MTL_ENABLE_DEBUG_INFO = NO;
				SDKROOT = iphoneos;
				VALIDATE_PRODUCT = YES;
			};
			name = Release;
		};
		A161325A1D7918300004C207 /* Debug */ = {
			isa = XCBuildConfiguration;
			buildSettings = {
				ASSETCATALOG_COMPILER_APPICON_NAME = AppIcon;
				INFOPLIST_FILE = ChartDemo/Info.plist;
				LD_RUNPATH_SEARCH_PATHS = "$(inherited) @executable_path/Frameworks";
				PRODUCT_BUNDLE_IDENTIFIER = HaoWu.ChartDemo;
				PRODUCT_NAME = "$(TARGET_NAME)";
				TARGETED_DEVICE_FAMILY = 1;
			};
			name = Debug;
		};
		A161325B1D7918300004C207 /* Release */ = {
			isa = XCBuildConfiguration;
			buildSettings = {
				ASSETCATALOG_COMPILER_APPICON_NAME = AppIcon;
				INFOPLIST_FILE = ChartDemo/Info.plist;
				LD_RUNPATH_SEARCH_PATHS = "$(inherited) @executable_path/Frameworks";
				PRODUCT_BUNDLE_IDENTIFIER = HaoWu.ChartDemo;
				PRODUCT_NAME = "$(TARGET_NAME)";
				TARGETED_DEVICE_FAMILY = 1;
			};
			name = Release;
		};
		A161325D1D7918300004C207 /* Debug */ = {
			isa = XCBuildConfiguration;
			buildSettings = {
				BUNDLE_LOADER = "$(TEST_HOST)";
				INFOPLIST_FILE = ChartDemoTests/Info.plist;
				LD_RUNPATH_SEARCH_PATHS = "$(inherited) @executable_path/Frameworks @loader_path/Frameworks";
				PRODUCT_BUNDLE_IDENTIFIER = HaoWu.ChartDemoTests;
				PRODUCT_NAME = "$(TARGET_NAME)";
				TEST_HOST = "$(BUILT_PRODUCTS_DIR)/ChartDemo.app/ChartDemo";
			};
			name = Debug;
		};
		A161325E1D7918300004C207 /* Release */ = {
			isa = XCBuildConfiguration;
			buildSettings = {
				BUNDLE_LOADER = "$(TEST_HOST)";
				INFOPLIST_FILE = ChartDemoTests/Info.plist;
				LD_RUNPATH_SEARCH_PATHS = "$(inherited) @executable_path/Frameworks @loader_path/Frameworks";
				PRODUCT_BUNDLE_IDENTIFIER = HaoWu.ChartDemoTests;
				PRODUCT_NAME = "$(TARGET_NAME)";
				TEST_HOST = "$(BUILT_PRODUCTS_DIR)/ChartDemo.app/ChartDemo";
			};
			name = Release;
		};
/* End XCBuildConfiguration section */

/* Begin XCConfigurationList section */
		A16132321D7918300004C207 /* Build configuration list for PBXProject "ChartDemo" */ = {
			isa = XCConfigurationList;
			buildConfigurations = (
				A16132571D7918300004C207 /* Debug */,
				A16132581D7918300004C207 /* Release */,
			);
			defaultConfigurationIsVisible = 0;
			defaultConfigurationName = Release;
		};
		A16132591D7918300004C207 /* Build configuration list for PBXNativeTarget "ChartDemo" */ = {
			isa = XCConfigurationList;
			buildConfigurations = (
				A161325A1D7918300004C207 /* Debug */,
				A161325B1D7918300004C207 /* Release */,
			);
			defaultConfigurationIsVisible = 0;
			defaultConfigurationName = Release;
		};
		A161325C1D7918300004C207 /* Build configuration list for PBXNativeTarget "ChartDemoTests" */ = {
			isa = XCConfigurationList;
			buildConfigurations = (
				A161325D1D7918300004C207 /* Debug */,
				A161325E1D7918300004C207 /* Release */,
			);
			defaultConfigurationIsVisible = 0;
			defaultConfigurationName = Release;
		};
/* End XCConfigurationList section */
	};
	rootObject = A161322F1D7918300004C207 /* Project object */;
}
